
Microsoft Visual Studio Solution File, Format Version 12.00
# Visual Studio 2013
VisualStudioVersion = 12.0.31101.0
MinimumVisualStudioVersion = 10.0.40219.1
Project("{FAE04EC0-301F-11D3-BF4B-00C04F79EFBC}") = "Example1", "Example1\Example1.csproj", "{299EA377-4FFC-4655-B3BD-FADB5D3E04D5}"
EndProject
Project("{FAE04EC0-301F-11D3-BF4B-00C04F79EFBC}") = "Example2", "Example2\Example2.csproj", "{32DB5F2F-6A2D-4982-9EC5-A84BFE6C2254}"
EndProject
Project("{FAE04EC0-301F-11D3-BF4B-00C04F79EFBC}") = "Example3", "Example3\Example3.csproj", "{59D758FF-682B-4BC1-BB0E-5539EFEF8E56}"
EndProject
Project("{FAE04EC0-301F-11D3-BF4B-00C04F79EFBC}") = "Example4", "Example4\Example4.csproj", "{852F1C91-3E6A-41AF-9701-46FCE44D48C6}"
EndProject
Global
	GlobalSection(SolutionConfigurationPlatforms) = preSolution
		Debug|Any CPU = Debug|Any CPU
		Release|Any CPU = Release|Any CPU
	EndGlobalSection
	GlobalSection(ProjectConfigurationPlatforms) = postSolution
		{299EA377-4FFC-4655-B3BD-FADB5D3E04D5}.Debug|Any CPU.ActiveCfg = Debug|Any CPU
		{299EA377-4FFC-4655-B3BD-FADB5D3E04D5}.Debug|Any CPU.Build.0 = Debug|Any CPU
		{299EA377-4FFC-4655-B3BD-FADB5D3E04D5}.Release|Any CPU.ActiveCfg = Release|Any CPU
		{299EA377-4FFC-4655-B3BD-FADB5D3E04D5}.Release|Any CPU.Build.0 = Release|Any CPU
		{32DB5F2F-6A2D-4982-9EC5-A84BFE6C2254}.Debug|Any CPU.ActiveCfg = Debug|Any CPU
		{32DB5F2F-6A2D-4982-9EC5-A84BFE6C2254}.Debug|Any CPU.Build.0 = Debug|Any CPU
		{32DB5F2F-6A2D-4982-9EC5-A84BFE6C2254}.Release|Any CPU.ActiveCfg = Release|Any CPU
		{32DB5F2F-6A2D-4982-9EC5-A84BFE6C2254}.Release|Any CPU.Build.0 = Release|Any CPU
		{59D758FF-682B-4BC1-BB0E-5539EFEF8E56}.Debug|Any CPU.ActiveCfg = Debug|Any CPU
		{59D758FF-682B-4BC1-BB0E-5539EFEF8E56}.Debug|Any CPU.Build.0 = Debug|Any CPU
		{59D758FF-682B-4BC1-BB0E-5539EFEF8E56}.Release|Any CPU.ActiveCfg = Release|Any CPU
		{59D758FF-682B-4BC1-BB0E-5539EFEF8E56}.Release|Any CPU.Build.0 = Release|Any CPU
		{852F1C91-3E6A-41AF-9701-46FCE44D48C6}.Debug|Any CPU.ActiveCfg = Debug|Any CPU
		{852F1C91-3E6A-41AF-9701-46FCE44D48C6}.Debug|Any CPU.Build.0 = Debug|Any CPU
		{852F1C91-3E6A-41AF-9701-46FCE44D48C6}.Release|Any CPU.ActiveCfg = Release|Any CPU
		{852F1C91-3E6A-41AF-9701-46FCE44D48C6}.Release|Any CPU.Build.0 = Release|Any CPU
	EndGlobalSection
	GlobalSection(SolutionProperties) = preSolution
		HideSolutionNode = FALSE
	EndGlobalSection
EndGlobal
